
Microsoft Visual Studio Solution File, Format Version 12.00
# Visual Studio Version 17
VisualStudioVersion = 17.14.36623.8
MinimumVisualStudioVersion = 10.0.40219.1
Project("{FAE04EC0-301F-11D3-BF4B-00C04F79EFBC}") = "StreamWID", "StreamWID.csproj", "{0F958176-5156-46DD-0C7E-E3D3531C31E2}"
EndProject
Global
	GlobalSection(SolutionConfigurationPlatforms) = preSolution
		Debug|Any CPU = Debug|Any CPU
		Release|Any CPU = Release|Any CPU
	EndGlobalSection
	GlobalSection(ProjectConfigurationPlatforms) = postSolution
		{0F958176-5156-46DD-0C7E-E3D3531C31E2}.Debug|Any CPU.ActiveCfg = Debug|Any CPU
		{0F958176-5156-46DD-0C7E-E3D3531C31E2}.Debug|Any CPU.Build.0 = Debug|Any CPU
		{0F958176-5156-46DD-0C7E-E3D3531C31E2}.Release|Any CPU.ActiveCfg = Release|Any CPU
		{0F958176-5156-46DD-0C7E-E3D3531C31E2}.Release|Any CPU.Build.0 = Release|Any CPU
	EndGlobalSection
	GlobalSection(SolutionProperties) = preSolution
		HideSolutionNode = FALSE
	EndGlobalSection
	GlobalSection(ExtensibilityGlobals) = postSolution
		SolutionGuid = {180604A5-DA3C-4F49-9A6D-F9608C837251}
	EndGlobalSection
EndGlobal
